
Microsoft Visual Studio Solution File, Format Version 12.00
# Visual Studio Version 17
VisualStudioVersion = 17.7.34009.444
MinimumVisualStudioVersion = 10.0.40219.1
Project("{FAE04EC0-301F-11D3-BF4B-00C04F79EFBC}") = "Card_Games", "Card_Games\Card_Games.csproj", "{EAE2F484-D2AF-4EB7-855E-ECC879492A67}"
EndProject
Global
	GlobalSection(SolutionConfigurationPlatforms) = preSolution
		Debug|Any CPU = Debug|Any CPU
		Release|Any CPU = Release|Any CPU
	EndGlobalSection
	GlobalSection(ProjectConfigurationPlatforms) = postSolution
		{EAE2F484-D2AF-4EB7-855E-ECC879492A67}.Debug|Any CPU.ActiveCfg = Debug|Any CPU
		{EAE2F484-D2AF-4EB7-855E-ECC879492A67}.Debug|Any CPU.Build.0 = Debug|Any CPU
		{EAE2F484-D2AF-4EB7-855E-ECC879492A67}.Release|Any CPU.ActiveCfg = Release|Any CPU
		{EAE2F484-D2AF-4EB7-855E-ECC879492A67}.Release|Any CPU.Build.0 = Release|Any CPU
	EndGlobalSection
	GlobalSection(SolutionProperties) = preSolution
		HideSolutionNode = FALSE
	EndGlobalSection
	GlobalSection(ExtensibilityGlobals) = postSolution
		SolutionGuid = {AAA546D0-C8E0-4D97-A2FA-16251CD0DCFE}
	EndGlobalSection
EndGlobal
